
Microsoft Visual Studio Solution File, Format Version 12.00
# Visual Studio Version 17
VisualStudioVersion = 17.7.34031.279
MinimumVisualStudioVersion = 10.0.40219.1
Project("{FAE04EC0-301F-11D3-BF4B-00C04F79EFBC}") = "FruitCalculatorWPF", "FruitCalculatorWPF.csproj", "{1EA4731B-A627-4F27-BCBE-165904EF304B}"
EndProject
Global
	GlobalSection(SolutionConfigurationPlatforms) = preSolution
		Debug|Any CPU = Debug|Any CPU
		Release|Any CPU = Release|Any CPU
	EndGlobalSection
	GlobalSection(ProjectConfigurationPlatforms) = postSolution
		{1EA4731B-A627-4F27-BCBE-165904EF304B}.Debug|Any CPU.ActiveCfg = Debug|Any CPU
		{1EA4731B-A627-4F27-BCBE-165904EF304B}.Debug|Any CPU.Build.0 = Debug|Any CPU
		{1EA4731B-A627-4F27-BCBE-165904EF304B}.Release|Any CPU.ActiveCfg = Release|Any CPU
		{1EA4731B-A627-4F27-BCBE-165904EF304B}.Release|Any CPU.Build.0 = Release|Any CPU
	EndGlobalSection
	GlobalSection(SolutionProperties) = preSolution
		HideSolutionNode = FALSE
	EndGlobalSection
	GlobalSection(ExtensibilityGlobals) = postSolution
		SolutionGuid = {A8A0DC68-3A72-4E1C-A11F-95D628AEE4F0}
	EndGlobalSection
EndGlobal
